
Microsoft Visual Studio Solution File, Format Version 12.00
# Visual Studio Version 17
VisualStudioVersion = 17.4.33122.133
MinimumVisualStudioVersion = 10.0.40219.1
Project("{9A19103F-16F7-4668-BE54-9A1E7A4F7556}") = "FPTV", "FPTV\FPTV.csproj", "{DB2865A1-8D6F-44BB-BC7F-951998213462}"
EndProject
Global
	GlobalSection(SolutionConfigurationPlatforms) = preSolution
		Debug|Any CPU = Debug|Any CPU
		Release|Any CPU = Release|Any CPU
	EndGlobalSection
	GlobalSection(ProjectConfigurationPlatforms) = postSolution
		{DB2865A1-8D6F-44BB-BC7F-951998213462}.Debug|Any CPU.ActiveCfg = Debug|Any CPU
		{DB2865A1-8D6F-44BB-BC7F-951998213462}.Debug|Any CPU.Build.0 = Debug|Any CPU
		{DB2865A1-8D6F-44BB-BC7F-951998213462}.Release|Any CPU.ActiveCfg = Release|Any CPU
		{DB2865A1-8D6F-44BB-BC7F-951998213462}.Release|Any CPU.Build.0 = Release|Any CPU
	EndGlobalSection
	GlobalSection(SolutionProperties) = preSolution
		HideSolutionNode = FALSE
	EndGlobalSection
	GlobalSection(ExtensibilityGlobals) = postSolution
		SolutionGuid = {BD6A7C6C-FE11-4BF0-A1D1-C1D0D02F9ECD}
	EndGlobalSection
EndGlobal
